// !$*UTF8*$!
{
	archiveVersion = 1;
	classes = {
	};
	objectVersion = 50;
	objects = {

/* Begin PBXBuildFile section */
		AA79B4D426FEC03F0004DCE5 /* MessageController.swift in Sources */ = {isa = PBXBuildFile; fileRef = AA79B4D326FEC03F0004DCE5 /* MessageController.swift */; };
		AA79B4D626FEC0870004DCE5 /* PostController.swift in Sources */ = {isa = PBXBuildFile; fileRef = AA79B4D526FEC0870004DCE5 /* PostController.swift */; };
		AA79B4D826FEC0A90004DCE5 /* NotificationController.swift in Sources */ = {isa = PBXBuildFile; fileRef = AA79B4D726FEC0A90004DCE5 /* NotificationController.swift */; };
		AA79B4DA26FEC0C50004DCE5 /* ProfileController.swift in Sources */ = {isa = PBXBuildFile; fileRef = AA79B4D926FEC0C50004DCE5 /* ProfileController.swift */; };
		AA79B4DC26FEC1020004DCE5 /* TabController.swift in Sources */ = {isa = PBXBuildFile; fileRef = AA79B4DB26FEC1020004DCE5 /* TabController.swift */; };
		AA79B4DE26FEC1AC0004DCE5 /* MainController.swift in Sources */ = {isa = PBXBuildFile; fileRef = AA79B4DD26FEC1AC0004DCE5 /* MainController.swift */; };
		AA9F6C9126FEB3F8001F350D /* AppDelegate.swift in Sources */ = {isa = PBXBuildFile; fileRef = AA9F6C9026FEB3F8001F350D /* AppDelegate.swift */; };
		AA9F6C9326FEB3F8001F350D /* SceneDelegate.swift in Sources */ = {isa = PBXBuildFile; fileRef = AA9F6C9226FEB3F8001F350D /* SceneDelegate.swift */; };
		AA9F6C9A26FEB3FB001F350D /* Assets.xcassets in Resources */ = {isa = PBXBuildFile; fileRef = AA9F6C9926FEB3FB001F350D /* Assets.xcassets */; };
		AA9F6C9D26FEB3FB001F350D /* LaunchScreen.storyboard in Resources */ = {isa = PBXBuildFile; fileRef = AA9F6C9B26FEB3FB001F350D /* LaunchScreen.storyboard */; };
		F1CC230E26FED12A0075E84F /* LoginViewController.swift in Sources */ = {isa = PBXBuildFile; fileRef = F1CC230D26FED12A0075E84F /* LoginViewController.swift */; };
/* End PBXBuildFile section */

/* Begin PBXFileReference section */
		AA79B4D326FEC03F0004DCE5 /* MessageController.swift */ = {isa = PBXFileReference; lastKnownFileType = sourcecode.swift; path = MessageController.swift; sourceTree = "<group>"; };
		AA79B4D526FEC0870004DCE5 /* PostController.swift */ = {isa = PBXFileReference; lastKnownFileType = sourcecode.swift; path = PostController.swift; sourceTree = "<group>"; };
		AA79B4D726FEC0A90004DCE5 /* NotificationController.swift */ = {isa = PBXFileReference; lastKnownFileType = sourcecode.swift; path = NotificationController.swift; sourceTree = "<group>"; };
		AA79B4D926FEC0C50004DCE5 /* ProfileController.swift */ = {isa = PBXFileReference; lastKnownFileType = sourcecode.swift; path = ProfileController.swift; sourceTree = "<group>"; };
		AA79B4DB26FEC1020004DCE5 /* TabController.swift */ = {isa = PBXFileReference; lastKnownFileType = sourcecode.swift; path = TabController.swift; sourceTree = "<group>"; };
		AA79B4DD26FEC1AC0004DCE5 /* MainController.swift */ = {isa = PBXFileReference; lastKnownFileType = sourcecode.swift; path = MainController.swift; sourceTree = "<group>"; };
		AA9F6C8D26FEB3F8001F350D /* Cornell_Market.app */ = {isa = PBXFileReference; explicitFileType = wrapper.application; includeInIndex = 0; path = Cornell_Market.app; sourceTree = BUILT_PRODUCTS_DIR; };
		AA9F6C9026FEB3F8001F350D /* AppDelegate.swift */ = {isa = PBXFileReference; lastKnownFileType = sourcecode.swift; path = AppDelegate.swift; sourceTree = "<group>"; };
		AA9F6C9226FEB3F8001F350D /* SceneDelegate.swift */ = {isa = PBXFileReference; lastKnownFileType = sourcecode.swift; path = SceneDelegate.swift; sourceTree = "<group>"; };
		AA9F6C9926FEB3FB001F350D /* Assets.xcassets */ = {isa = PBXFileReference; lastKnownFileType = folder.assetcatalog; path = Assets.xcassets; sourceTree = "<group>"; };
		AA9F6C9C26FEB3FB001F350D /* Base */ = {isa = PBXFileReference; lastKnownFileType = file.storyboard; name = Base; path = Base.lproj/LaunchScreen.storyboard; sourceTree = "<group>"; };
		AA9F6C9E26FEB3FB001F350D /* Info.plist */ = {isa = PBXFileReference; lastKnownFileType = text.plist.xml; path = Info.plist; sourceTree = "<group>"; };
		F1CC230D26FED12A0075E84F /* LoginViewController.swift */ = {isa = PBXFileReference; lastKnownFileType = sourcecode.swift; path = LoginViewController.swift; sourceTree = "<group>"; };
/* End PBXFileReference section */

/* Begin PBXFrameworksBuildPhase section */
		AA9F6C8A26FEB3F8001F350D /* Frameworks */ = {
			isa = PBXFrameworksBuildPhase;
			buildActionMask = 2147483647;
			files = (
			);
			runOnlyForDeploymentPostprocessing = 0;
		};
/* End PBXFrameworksBuildPhase section */

/* Begin PBXGroup section */
		AA9F6C8426FEB3F8001F350D = {
			isa = PBXGroup;
			children = (
				AA9F6C8F26FEB3F8001F350D /* Cornell_Market */,
				AA9F6C8E26FEB3F8001F350D /* Products */,
			);
			sourceTree = "<group>";
		};
		AA9F6C8E26FEB3F8001F350D /* Products */ = {
			isa = PBXGroup;
			children = (
				AA9F6C8D26FEB3F8001F350D /* Cornell_Market.app */,
			);
			name = Products;
			sourceTree = "<group>";
		};
		AA9F6C8F26FEB3F8001F350D /* Cornell_Market */ = {
			isa = PBXGroup;
			children = (
				AA9F6C9026FEB3F8001F350D /* AppDelegate.swift */,
				AA9F6C9226FEB3F8001F350D /* SceneDelegate.swift */,
				AA9F6C9926FEB3FB001F350D /* Assets.xcassets */,
				AA9F6C9B26FEB3FB001F350D /* LaunchScreen.storyboard */,
				AA9F6C9E26FEB3FB001F350D /* Info.plist */,
				AA79B4DD26FEC1AC0004DCE5 /* MainController.swift */,
				AA79B4D326FEC03F0004DCE5 /* MessageController.swift */,
				F1CC230D26FED12A0075E84F /* LoginViewController.swift */,
				AA79B4D526FEC0870004DCE5 /* PostController.swift */,
				AA79B4D726FEC0A90004DCE5 /* NotificationController.swift */,
				AA79B4D926FEC0C50004DCE5 /* ProfileController.swift */,
				AA79B4DB26FEC1020004DCE5 /* TabController.swift */,
			);
			path = Cornell_Market;
			sourceTree = "<group>";
		};
/* End PBXGroup section */

/* Begin PBXNativeTarget section */
		AA9F6C8C26FEB3F8001F350D /* Cornell_Market */ = {
			isa = PBXNativeTarget;
			buildConfigurationList = AA9F6CA126FEB3FB001F350D /* Build configuration list for PBXNativeTarget "Cornell_Market" */;
			buildPhases = (
				AA9F6C8926FEB3F8001F350D /* Sources */,
				AA9F6C8A26FEB3F8001F350D /* Frameworks */,
				AA9F6C8B26FEB3F8001F350D /* Resources */,
			);
			buildRules = (
			);
			dependencies = (
			);
			name = Cornell_Market;
			productName = Cornell_Market;
			productReference = AA9F6C8D26FEB3F8001F350D /* Cornell_Market.app */;
			productType = "com.apple.product-type.application";
		};
/* End PBXNativeTarget section */

/* Begin PBXProject section */
		AA9F6C8526FEB3F8001F350D /* Project object */ = {
			isa = PBXProject;
			attributes = {
				LastSwiftUpdateCheck = 1250;
				LastUpgradeCheck = 1250;
				TargetAttributes = {
					AA9F6C8C26FEB3F8001F350D = {
						CreatedOnToolsVersion = 12.5.1;
					};
				};
			};
			buildConfigurationList = AA9F6C8826FEB3F8001F350D /* Build configuration list for PBXProject "Cornell_Market" */;
			compatibilityVersion = "Xcode 9.3";
			developmentRegion = en;
			hasScannedForEncodings = 0;
			knownRegions = (
				en,
				Base,
			);
			mainGroup = AA9F6C8426FEB3F8001F350D;
			productRefGroup = AA9F6C8E26FEB3F8001F350D /* Products */;
			projectDirPath = "";
			projectRoot = "";
			targets = (
				AA9F6C8C26FEB3F8001F350D /* Cornell_Market */,
			);
		};
/* End PBXProject section */

/* Begin PBXResourcesBuildPhase section */
		AA9F6C8B26FEB3F8001F350D /* Resources */ = {
			isa = PBXResourcesBuildPhase;
			buildActionMask = 2147483647;
			files = (
				AA9F6C9D26FEB3FB001F350D /* LaunchScreen.storyboard in Resources */,
				AA9F6C9A26FEB3FB001F350D /* Assets.xcassets in Resources */,
			);
			runOnlyForDeploymentPostprocessing = 0;
		};
/* End PBXResourcesBuildPhase section */

/* Begin PBXSourcesBuildPhase section */
		AA9F6C8926FEB3F8001F350D /* Sources */ = {
			isa = PBXSourcesBuildPhase;
			buildActionMask = 2147483647;
			files = (
				F1CC230E26FED12A0075E84F /* LoginViewController.swift in Sources */,
				AA79B4DE26FEC1AC0004DCE5 /* MainController.swift in Sources */,
				AA9F6C9126FEB3F8001F350D /* AppDelegate.swift in Sources */,
				AA79B4DC26FEC1020004DCE5 /* TabController.swift in Sources */,
				AA79B4D426FEC03F0004DCE5 /* MessageController.swift in Sources */,
				AA79B4D826FEC0A90004DCE5 /* NotificationController.swift in Sources */,
				AA9F6C9326FEB3F8001F350D /* SceneDelegate.swift in Sources */,
				AA79B4D626FEC0870004DCE5 /* PostController.swift in Sources */,
				AA79B4DA26FEC0C50004DCE5 /* ProfileController.swift in Sources */,
			);
			runOnlyForDeploymentPostprocessing = 0;
		};
/* End PBXSourcesBuildPhase section */

/* Begin PBXVariantGroup section */
		AA9F6C9B26FEB3FB001F350D /* LaunchScreen.storyboard */ = {
			isa = PBXVariantGroup;
			children = (
				AA9F6C9C26FEB3FB001F350D /* Base */,
			);
			name = LaunchScreen.storyboard;
			sourceTree = "<group>";
		};
/* End PBXVariantGroup section */

/* Begin XCBuildConfiguration section */
		AA9F6C9F26FEB3FB001F350D /* Debug */ = {
			isa = XCBuildConfiguration;
			buildSettings = {
				ALWAYS_SEARCH_USER_PATHS = NO;
				CLANG_ANALYZER_NONNULL = YES;
				CLANG_ANALYZER_NUMBER_OBJECT_CONVERSION = YES_AGGRESSIVE;
				CLANG_CXX_LANGUAGE_STANDARD = "gnu++14";
				CLANG_CXX_LIBRARY = "libc++";
				CLANG_ENABLE_MODULES = YES;
				CLANG_ENABLE_OBJC_ARC = YES;
				CLANG_ENABLE_OBJC_WEAK = YES;
				CLANG_WARN_BLOCK_CAPTURE_AUTORELEASING = YES;
				CLANG_WARN_BOOL_CONVERSION = YES;
				CLANG_WARN_COMMA = YES;
				CLANG_WARN_CONSTANT_CONVERSION = YES;
				CLANG_WARN_DEPRECATED_OBJC_IMPLEMENTATIONS = YES;
				CLANG_WARN_DIRECT_OBJC_ISA_USAGE = YES_ERROR;
				CLANG_WARN_DOCUMENTATION_COMMENTS = YES;
				CLANG_WARN_EMPTY_BODY = YES;
				CLANG_WARN_ENUM_CONVERSION = YES;
				CLANG_WARN_INFINITE_RECURSION = YES;
				CLANG_WARN_INT_CONVERSION = YES;
				CLANG_WARN_NON_LITERAL_NULL_CONVERSION = YES;
				CLANG_WARN_OBJC_IMPLICIT_RETAIN_SELF = YES;
				CLANG_WARN_OBJC_LITERAL_CONVERSION = YES;
				CLANG_WARN_OBJC_ROOT_CLASS = YES_ERROR;
				CLANG_WARN_QUOTED_INCLUDE_IN_FRAMEWORK_HEADER = YES;
				CLANG_WARN_RANGE_LOOP_ANALYSIS = YES;
				CLANG_WARN_STRICT_PROTOTYPES = YES;
				CLANG_WARN_SUSPICIOUS_MOVE = YES;
				CLANG_WARN_UNGUARDED_AVAILABILITY = YES_AGGRESSIVE;
				CLANG_WARN_UNREACHABLE_CODE = YES;
				CLANG_WARN__DUPLICATE_METHOD_MATCH = YES;
				COPY_PHASE_STRIP = NO;
				DEBUG_INFORMATION_FORMAT = dwarf;
				ENABLE_STRICT_OBJC_MSGSEND = YES;
				ENABLE_TESTABILITY = YES;
				GCC_C_LANGUAGE_STANDARD = gnu11;
				GCC_DYNAMIC_NO_PIC = NO;
				GCC_NO_COMMON_BLOCKS = YES;
				GCC_OPTIMIZATION_LEVEL = 0;
				GCC_PREPROCESSOR_DEFINITIONS = (
					"DEBUG=1",
					"$(inherited)",
				);
				GCC_WARN_64_TO_32_BIT_CONVERSION = YES;
				GCC_WARN_ABOUT_RETURN_TYPE = YES_ERROR;
				GCC_WARN_UNDECLARED_SELECTOR = YES;
				GCC_WARN_UNINITIALIZED_AUTOS = YES_AGGRESSIVE;
				GCC_WARN_UNUSED_FUNCTION = YES;
				GCC_WARN_UNUSED_VARIABLE = YES;
				IPHONEOS_DEPLOYMENT_TARGET = 14.5;
				MTL_ENABLE_DEBUG_INFO = INCLUDE_SOURCE;
				MTL_FAST_MATH = YES;
				ONLY_ACTIVE_ARCH = YES;
				SDKROOT = iphoneos;
				SWIFT_ACTIVE_COMPILATION_CONDITIONS = DEBUG;
				SWIFT_OPTIMIZATION_LEVEL = "-Onone";
			};
			name = Debug;
		};
		AA9F6CA026FEB3FB001F350D /* Release */ = {
			isa = XCBuildConfiguration;
			buildSettings = {
				ALWAYS_SEARCH_USER_PATHS = NO;
				CLANG_ANALYZER_NONNULL = YES;
				CLANG_ANALYZER_NUMBER_OBJECT_CONVERSION = YES_AGGRESSIVE;
				CLANG_CXX_LANGUAGE_STANDARD = "gnu++14";
				CLANG_CXX_LIBRARY = "libc++";
				CLANG_ENABLE_MODULES = YES;
				CLANG_ENABLE_OBJC_ARC = YES;
				CLANG_ENABLE_OBJC_WEAK = YES;
				CLANG_WARN_BLOCK_CAPTURE_AUTORELEASING = YES;
				CLANG_WARN_BOOL_CONVERSION = YES;
				CLANG_WARN_COMMA = YES;
				CLANG_WARN_CONSTANT_CONVERSION = YES;
				CLANG_WARN_DEPRECATED_OBJC_IMPLEMENTATIONS = YES;
				CLANG_WARN_DIRECT_OBJC_ISA_USAGE = YES_ERROR;
				CLANG_WARN_DOCUMENTATION_COMMENTS = YES;
				CLANG_WARN_EMPTY_BODY = YES;
				CLANG_WARN_ENUM_CONVERSION = YES;
				CLANG_WARN_INFINITE_RECURSION = YES;
				CLANG_WARN_INT_CONVERSION = YES;
				CLANG_WARN_NON_LITERAL_NULL_CONVERSION = YES;
				CLANG_WARN_OBJC_IMPLICIT_RETAIN_SELF = YES;
				CLANG_WARN_OBJC_LITERAL_CONVERSION = YES;
				CLANG_WARN_OBJC_ROOT_CLASS = YES_ERROR;
				CLANG_WARN_QUOTED_INCLUDE_IN_FRAMEWORK_HEADER = YES;
				CLANG_WARN_RANGE_LOOP_ANALYSIS = YES;
				CLANG_WARN_STRICT_PROTOTYPES = YES;
				CLANG_WARN_SUSPICIOUS_MOVE = YES;
				CLANG_WARN_UNGUARDED_AVAILABILITY = YES_AGGRESSIVE;
				CLANG_WARN_UNREACHABLE_CODE = YES;
				CLANG_WARN__DUPLICATE_METHOD_MATCH = YES;
				COPY_PHASE_STRIP = NO;
				DEBUG_INFORMATION_FORMAT = "dwarf-with-dsym";
				ENABLE_NS_ASSERTIONS = NO;
				ENABLE_STRICT_OBJC_MSGSEND = YES;
				GCC_C_LANGUAGE_STANDARD = gnu11;
				GCC_NO_COMMON_BLOCKS = YES;
				GCC_WARN_64_TO_32_BIT_CONVERSION = YES;
				GCC_WARN_ABOUT_RETURN_TYPE = YES_ERROR;
				GCC_WARN_UNDECLARED_SELECTOR = YES;
				GCC_WARN_UNINITIALIZED_AUTOS = YES_AGGRESSIVE;
				GCC_WARN_UNUSED_FUNCTION = YES;
				GCC_WARN_UNUSED_VARIABLE = YES;
				IPHONEOS_DEPLOYMENT_TARGET = 14.5;
				MTL_ENABLE_DEBUG_INFO = NO;
				MTL_FAST_MATH = YES;
				SDKROOT = iphoneos;
				SWIFT_COMPILATION_MODE = wholemodule;
				SWIFT_OPTIMIZATION_LEVEL = "-O";
				VALIDATE_PRODUCT = YES;
			};
			name = Release;
		};
		AA9F6CA226FEB3FB001F350D /* Debug */ = {
			isa = XCBuildConfiguration;
			buildSettings = {
				ASSETCATALOG_COMPILER_APPICON_NAME = AppIcon;
				ASSETCATALOG_COMPILER_GLOBAL_ACCENT_COLOR_NAME = AccentColor;
				CODE_SIGN_STYLE = Automatic;
				INFOPLIST_FILE = Cornell_Market/Info.plist;
				LD_RUNPATH_SEARCH_PATHS = (
					"$(inherited)",
					"@executable_path/Frameworks",
				);
				PRODUCT_BUNDLE_IDENTIFIER = "com.ethanstanley.Cornell-Market";
				PRODUCT_NAME = "$(TARGET_NAME)";
				SWIFT_VERSION = 5.0;
				TARGETED_DEVICE_FAMILY = "1,2";
			};
			name = Debug;
		};
		AA9F6CA326FEB3FB001F350D /* Release */ = {
			isa = XCBuildConfiguration;
			buildSettings = {
				ASSETCATALOG_COMPILER_APPICON_NAME = AppIcon;
				ASSETCATALOG_COMPILER_GLOBAL_ACCENT_COLOR_NAME = AccentColor;
				CODE_SIGN_STYLE = Automatic;
				INFOPLIST_FILE = Cornell_Market/Info.plist;
				LD_RUNPATH_SEARCH_PATHS = (
					"$(inherited)",
					"@executable_path/Frameworks",
				);
				PRODUCT_BUNDLE_IDENTIFIER = "com.ethanstanley.Cornell-Market";
				PRODUCT_NAME = "$(TARGET_NAME)";
				SWIFT_VERSION = 5.0;
				TARGETED_DEVICE_FAMILY = "1,2";
			};
			name = Release;
		};
/* End XCBuildConfiguration section */

/* Begin XCConfigurationList section */
		AA9F6C8826FEB3F8001F350D /* Build configuration list for PBXProject "Cornell_Market" */ = {
			isa = XCConfigurationList;
			buildConfigurations = (
				AA9F6C9F26FEB3FB001F350D /* Debug */,
				AA9F6CA026FEB3FB001F350D /* Release */,
			);
			defaultConfigurationIsVisible = 0;
			defaultConfigurationName = Release;
		};
		AA9F6CA126FEB3FB001F350D /* Build configuration list for PBXNativeTarget "Cornell_Market" */ = {
			isa = XCConfigurationList;
			buildConfigurations = (
				AA9F6CA226FEB3FB001F350D /* Debug */,
				AA9F6CA326FEB3FB001F350D /* Release */,
			);
			defaultConfigurationIsVisible = 0;
			defaultConfigurationName = Release;
		};
/* End XCConfigurationList section */
	};
	rootObject = AA9F6C8526FEB3F8001F350D /* Project object */;
}
